// !$*UTF8*$!
{
	archiveVersion = 1;
	classes = {
	};
	objectVersion = 77;
	objects = {

/* Begin PBXBuildFile section */
		07891AF32F93B87B00672D1B /* BLEManager.swift in Sources */ = {isa = PBXBuildFile; fileRef = 07891AF22F93B87400672D1B /* BLEManager.swift */; };
		07891AF52F93B89E00672D1B /* ContentView.swift in Sources */ = {isa = PBXBuildFile; fileRef = 07891AF42F93B89E00672D1B /* ContentView.swift */; };
		07891AF92F93C2DE00672D1B /* ColorMap.swift in Sources */ = {isa = PBXBuildFile; fileRef = 07891AF82F93C2DB00672D1B /* ColorMap.swift */; };
		07891AFB2F93C2F400672D1B /* HeatmapRenderer.swift in Sources */ = {isa = PBXBuildFile; fileRef = 07891AFA2F93C2EF00672D1B /* HeatmapRenderer.swift */; };
		07891AFD2F93C30400672D1B /* HeatmapView.swift in Sources */ = {isa = PBXBuildFile; fileRef = 07891AFC2F93C30400672D1B /* HeatmapView.swift */; };
		07891B002F93CB9800672D1B /* AlertEngine.swift in Sources */ = {isa = PBXBuildFile; fileRef = 07891AFF2F93CB9400672D1B /* AlertEngine.swift */; };
		07891B032F93CBB900672D1B /* AlertView.swift in Sources */ = {isa = PBXBuildFile; fileRef = 07891B022F93CBB900672D1B /* AlertView.swift */; };
		07891B052F93DBE300672D1B /* DiagnosticScanView.swift in Sources */ = {isa = PBXBuildFile; fileRef = 07891B042F93DBDD00672D1B /* DiagnosticScanView.swift */; };
		07891B072F93DC0B00672D1B /* BiomechanicsAnalyzer.swift in Sources */ = {isa = PBXBuildFile; fileRef = 07891B062F93DC0300672D1B /* BiomechanicsAnalyzer.swift */; };
		07891B092F93DD4300672D1B /* CalibrationService.swift in Sources */ = {isa = PBXBuildFile; fileRef = 07891B082F93DD4000672D1B /* CalibrationService.swift */; };
		07891B0B2F93DD5600672D1B /* CalibrationView.swift in Sources */ = {isa = PBXBuildFile; fileRef = 07891B0A2F93DD5300672D1B /* CalibrationView.swift */; };
		07891B0E2F93EB4600672D1B /* AgentClient.swift in Sources */ = {isa = PBXBuildFile; fileRef = 07891B0D2F93EB4200672D1B /* AgentClient.swift */; };
		07891B102F93ED4300672D1B /* ExerciseView.swift in Sources */ = {isa = PBXBuildFile; fileRef = 07891B0F2F93ED4000672D1B /* ExerciseView.swift */; };
		07891B122F93ED6100672D1B /* TrendsView.swift in Sources */ = {isa = PBXBuildFile; fileRef = 07891B112F93ED5E00672D1B /* TrendsView.swift */; };
		07891B172F93F29200672D1B /* SupabaseManager.swift in Sources */ = {isa = PBXBuildFile; fileRef = 07891B162F93F29000672D1B /* SupabaseManager.swift */; };
		07891B192F93F4E700672D1B /* ReportView.swift in Sources */ = {isa = PBXBuildFile; fileRef = 07891B182F93F4E500672D1B /* ReportView.swift */; };
		07891B1C2F93F6E500672D1B /* Auth in Frameworks */ = {isa = PBXBuildFile; productRef = 07891B1B2F93F6E500672D1B /* Auth */; };
		07891B1E2F93F6E500672D1B /* Functions in Frameworks */ = {isa = PBXBuildFile; productRef = 07891B1D2F93F6E500672D1B /* Functions */; };
		07891B202F93F6E500672D1B /* PostgREST in Frameworks */ = {isa = PBXBuildFile; productRef = 07891B1F2F93F6E500672D1B /* PostgREST */; };
		07891B222F93F6E500672D1B /* Realtime in Frameworks */ = {isa = PBXBuildFile; productRef = 07891B212F93F6E500672D1B /* Realtime */; };
		07891B242F93F6E500672D1B /* Storage in Frameworks */ = {isa = PBXBuildFile; productRef = 07891B232F93F6E500672D1B /* Storage */; };
		07891B262F93F6E500672D1B /* Supabase in Frameworks */ = {isa = PBXBuildFile; productRef = 07891B252F93F6E500672D1B /* Supabase */; };
/* End PBXBuildFile section */

/* Begin PBXFileReference section */
		07891AE42F93B85200672D1B /* Pedisense.app */ = {isa = PBXFileReference; explicitFileType = wrapper.application; includeInIndex = 0; path = Pedisense.app; sourceTree = BUILT_PRODUCTS_DIR; };
		07891AF22F93B87400672D1B /* BLEManager.swift */ = {isa = PBXFileReference; lastKnownFileType = sourcecode.swift; path = BLEManager.swift; sourceTree = "<group>"; };
		07891AF42F93B89E00672D1B /* ContentView.swift */ = {isa = PBXFileReference; lastKnownFileType = sourcecode.swift; path = ContentView.swift; sourceTree = "<group>"; };
		07891AF82F93C2DB00672D1B /* ColorMap.swift */ = {isa = PBXFileReference; lastKnownFileType = sourcecode.swift; path = ColorMap.swift; sourceTree = "<group>"; };
		07891AFA2F93C2EF00672D1B /* HeatmapRenderer.swift */ = {isa = PBXFileReference; lastKnownFileType = sourcecode.swift; path = HeatmapRenderer.swift; sourceTree = "<group>"; };
		07891AFC2F93C30400672D1B /* HeatmapView.swift */ = {isa = PBXFileReference; lastKnownFileType = sourcecode.swift; path = HeatmapView.swift; sourceTree = "<group>"; };
		07891AFF2F93CB9400672D1B /* AlertEngine.swift */ = {isa = PBXFileReference; lastKnownFileType = sourcecode.swift; path = AlertEngine.swift; sourceTree = "<group>"; };
		07891B022F93CBB900672D1B /* AlertView.swift */ = {isa = PBXFileReference; lastKnownFileType = sourcecode.swift; path = AlertView.swift; sourceTree = "<group>"; };
		07891B042F93DBDD00672D1B /* DiagnosticScanView.swift */ = {isa = PBXFileReference; lastKnownFileType = sourcecode.swift; path = DiagnosticScanView.swift; sourceTree = "<group>"; };
		07891B062F93DC0300672D1B /* BiomechanicsAnalyzer.swift */ = {isa = PBXFileReference; lastKnownFileType = sourcecode.swift; path = BiomechanicsAnalyzer.swift; sourceTree = "<group>"; };
		07891B082F93DD4000672D1B /* CalibrationService.swift */ = {isa = PBXFileReference; lastKnownFileType = sourcecode.swift; path = CalibrationService.swift; sourceTree = "<group>"; };
		07891B0A2F93DD5300672D1B /* CalibrationView.swift */ = {isa = PBXFileReference; lastKnownFileType = sourcecode.swift; path = CalibrationView.swift; sourceTree = "<group>"; };
		07891B0D2F93EB4200672D1B /* AgentClient.swift */ = {isa = PBXFileReference; lastKnownFileType = sourcecode.swift; path = AgentClient.swift; sourceTree = "<group>"; };
		07891B0F2F93ED4000672D1B /* ExerciseView.swift */ = {isa = PBXFileReference; lastKnownFileType = sourcecode.swift; path = ExerciseView.swift; sourceTree = "<group>"; };
		07891B112F93ED5E00672D1B /* TrendsView.swift */ = {isa = PBXFileReference; lastKnownFileType = sourcecode.swift; path = TrendsView.swift; sourceTree = "<group>"; };
		07891B162F93F29000672D1B /* SupabaseManager.swift */ = {isa = PBXFileReference; lastKnownFileType = sourcecode.swift; path = SupabaseManager.swift; sourceTree = "<group>"; };
		07891B182F93F4E500672D1B /* ReportView.swift */ = {isa = PBXFileReference; lastKnownFileType = sourcecode.swift; path = ReportView.swift; sourceTree = "<group>"; };
/* End PBXFileReference section */

/* Begin PBXFileSystemSynchronizedBuildFileExceptionSet section */
		07891AF72F93BBF400672D1B /* Exceptions for "Pedisense" folder in "Pedisense" target */ = {
			isa = PBXFileSystemSynchronizedBuildFileExceptionSet;
			membershipExceptions = (
				Info.plist,
			);
			target = 07891AE32F93B85200672D1B /* Pedisense */;
		};
/* End PBXFileSystemSynchronizedBuildFileExceptionSet section */

/* Begin PBXFileSystemSynchronizedRootGroup section */
		07891AE62F93B85200672D1B /* Pedisense */ = {
			isa = PBXFileSystemSynchronizedRootGroup;
			exceptions = (
				07891AF72F93BBF400672D1B /* Exceptions for "Pedisense" folder in "Pedisense" target */,
			);
			path = Pedisense;
			sourceTree = "<group>";
		};
/* End PBXFileSystemSynchronizedRootGroup section */

/* Begin PBXFrameworksBuildPhase section */
		07891AE12F93B85200672D1B /* Frameworks */ = {
			isa = PBXFrameworksBuildPhase;
			buildActionMask = 2147483647;
			files = (
				07891B202F93F6E500672D1B /* PostgREST in Frameworks */,
				07891B1E2F93F6E500672D1B /* Functions in Frameworks */,
				07891B262F93F6E500672D1B /* Supabase in Frameworks */,
				07891B1C2F93F6E500672D1B /* Auth in Frameworks */,
				07891B242F93F6E500672D1B /* Storage in Frameworks */,
				07891B222F93F6E500672D1B /* Realtime in Frameworks */,
			);
			runOnlyForDeploymentPostprocessing = 0;
		};
/* End PBXFrameworksBuildPhase section */

/* Begin PBXGroup section */
		07891ADB2F93B85200672D1B = {
			isa = PBXGroup;
			children = (
				07891AE62F93B85200672D1B /* Pedisense */,
				07891AE52F93B85200672D1B /* Products */,
				07891AF22F93B87400672D1B /* BLEManager.swift */,
				07891B042F93DBDD00672D1B /* DiagnosticScanView.swift */,
				07891B082F93DD4000672D1B /* CalibrationService.swift */,
				07891B0A2F93DD5300672D1B /* CalibrationView.swift */,
				07891B062F93DC0300672D1B /* BiomechanicsAnalyzer.swift */,
				07891AF82F93C2DB00672D1B /* ColorMap.swift */,
				07891AFF2F93CB9400672D1B /* AlertEngine.swift */,
				07891B022F93CBB900672D1B /* AlertView.swift */,
				07891AF42F93B89E00672D1B /* ContentView.swift */,
				07891B162F93F29000672D1B /* SupabaseManager.swift */,
				07891B0D2F93EB4200672D1B /* AgentClient.swift */,
				07891B0F2F93ED4000672D1B /* ExerciseView.swift */,
				07891B112F93ED5E00672D1B /* TrendsView.swift */,
				07891B182F93F4E500672D1B /* ReportView.swift */,
				07891AFA2F93C2EF00672D1B /* HeatmapRenderer.swift */,
				07891AFC2F93C30400672D1B /* HeatmapView.swift */,
				07891B1A2F93F6E500672D1B /* Frameworks */,
			);
			sourceTree = "<group>";
		};
		07891AE52F93B85200672D1B /* Products */ = {
			isa = PBXGroup;
			children = (
				07891AE42F93B85200672D1B /* Pedisense.app */,
			);
			name = Products;
			sourceTree = "<group>";
		};
		07891B1A2F93F6E500672D1B /* Frameworks */ = {
			isa = PBXGroup;
			children = (
			);
			name = Frameworks;
			sourceTree = "<group>";
		};
/* End PBXGroup section */

/* Begin PBXNativeTarget section */
		07891AE32F93B85200672D1B /* Pedisense */ = {
			isa = PBXNativeTarget;
			buildConfigurationList = 07891AEF2F93B85400672D1B /* Build configuration list for PBXNativeTarget "Pedisense" */;
			buildPhases = (
				07891AE02F93B85200672D1B /* Sources */,
				07891AE12F93B85200672D1B /* Frameworks */,
				07891AE22F93B85200672D1B /* Resources */,
			);
			buildRules = (
			);
			dependencies = (
			);
			fileSystemSynchronizedGroups = (
				07891AE62F93B85200672D1B /* Pedisense */,
			);
			name = Pedisense;
			packageProductDependencies = (
				07891B1B2F93F6E500672D1B /* Auth */,
				07891B1D2F93F6E500672D1B /* Functions */,
				07891B1F2F93F6E500672D1B /* PostgREST */,
				07891B212F93F6E500672D1B /* Realtime */,
				07891B232F93F6E500672D1B /* Storage */,
				07891B252F93F6E500672D1B /* Supabase */,
			);
			productName = Pedisense;
			productReference = 07891AE42F93B85200672D1B /* Pedisense.app */;
			productType = "com.apple.product-type.application";
		};
/* End PBXNativeTarget section */

/* Begin PBXProject section */
		07891ADC2F93B85200672D1B /* Project object */ = {
			isa = PBXProject;
			attributes = {
				BuildIndependentTargetsInParallel = 1;
				LastSwiftUpdateCheck = 2640;
				LastUpgradeCheck = 2640;
				TargetAttributes = {
					07891AE32F93B85200672D1B = {
						CreatedOnToolsVersion = 26.4.1;
					};
				};
			};
			buildConfigurationList = 07891ADF2F93B85200672D1B /* Build configuration list for PBXProject "Pedisense" */;
			developmentRegion = en;
			hasScannedForEncodings = 0;
			knownRegions = (
				en,
				Base,
			);
			mainGroup = 07891ADB2F93B85200672D1B;
			minimizedProjectReferenceProxies = 1;
			packageReferences = (
				07891B152F93F28500672D1B /* XCRemoteSwiftPackageReference "supabase-swift" */,
			);
			preferredProjectObjectVersion = 77;
			productRefGroup = 07891AE52F93B85200672D1B /* Products */;
			projectDirPath = "";
			projectRoot = "";
			targets = (
				07891AE32F93B85200672D1B /* Pedisense */,
			);
		};
/* End PBXProject section */

/* Begin PBXResourcesBuildPhase section */
		07891AE22F93B85200672D1B /* Resources */ = {
			isa = PBXResourcesBuildPhase;
			buildActionMask = 2147483647;
			files = (
			);
			runOnlyForDeploymentPostprocessing = 0;
		};
/* End PBXResourcesBuildPhase section */

/* Begin PBXSourcesBuildPhase section */
		07891AE02F93B85200672D1B /* Sources */ = {
			isa = PBXSourcesBuildPhase;
			buildActionMask = 2147483647;
			files = (
				07891B052F93DBE300672D1B /* DiagnosticScanView.swift in Sources */,
				07891AF32F93B87B00672D1B /* BLEManager.swift in Sources */,
				07891B0B2F93DD5600672D1B /* CalibrationView.swift in Sources */,
				07891B002F93CB9800672D1B /* AlertEngine.swift in Sources */,
				07891AFB2F93C2F400672D1B /* HeatmapRenderer.swift in Sources */,
				07891AF92F93C2DE00672D1B /* ColorMap.swift in Sources */,
				07891B072F93DC0B00672D1B /* BiomechanicsAnalyzer.swift in Sources */,
				07891B0E2F93EB4600672D1B /* AgentClient.swift in Sources */,
				07891B032F93CBB900672D1B /* AlertView.swift in Sources */,
				07891B172F93F29200672D1B /* SupabaseManager.swift in Sources */,
				07891B122F93ED6100672D1B /* TrendsView.swift in Sources */,
				07891AF52F93B89E00672D1B /* ContentView.swift in Sources */,
				07891B192F93F4E700672D1B /* ReportView.swift in Sources */,
				07891B092F93DD4300672D1B /* CalibrationService.swift in Sources */,
				07891B102F93ED4300672D1B /* ExerciseView.swift in Sources */,
				07891AFD2F93C30400672D1B /* HeatmapView.swift in Sources */,
			);
			runOnlyForDeploymentPostprocessing = 0;
		};
/* End PBXSourcesBuildPhase section */

/* Begin XCBuildConfiguration section */
		07891AED2F93B85400672D1B /* Debug */ = {
			isa = XCBuildConfiguration;
			buildSettings = {
				ALWAYS_SEARCH_USER_PATHS = NO;
				ASSETCATALOG_COMPILER_GENERATE_SWIFT_ASSET_SYMBOL_EXTENSIONS = YES;
				CLANG_ANALYZER_NONNULL = YES;
				CLANG_ANALYZER_NUMBER_OBJECT_CONVERSION = YES_AGGRESSIVE;
				CLANG_CXX_LANGUAGE_STANDARD = "gnu++20";
				CLANG_ENABLE_MODULES = YES;
				CLANG_ENABLE_OBJC_ARC = YES;
				CLANG_ENABLE_OBJC_WEAK = YES;
				CLANG_WARN_BLOCK_CAPTURE_AUTORELEASING = YES;
				CLANG_WARN_BOOL_CONVERSION = YES;
				CLANG_WARN_COMMA = YES;
				CLANG_WARN_CONSTANT_CONVERSION = YES;
				CLANG_WARN_DEPRECATED_OBJC_IMPLEMENTATIONS = YES;
				CLANG_WARN_DIRECT_OBJC_ISA_USAGE = YES_ERROR;
				CLANG_WARN_DOCUMENTATION_COMMENTS = YES;
				CLANG_WARN_EMPTY_BODY = YES;
				CLANG_WARN_ENUM_CONVERSION = YES;
				CLANG_WARN_INFINITE_RECURSION = YES;
				CLANG_WARN_INT_CONVERSION = YES;
				CLANG_WARN_NON_LITERAL_NULL_CONVERSION = YES;
				CLANG_WARN_OBJC_IMPLICIT_RETAIN_SELF = YES;
				CLANG_WARN_OBJC_LITERAL_CONVERSION = YES;
				CLANG_WARN_OBJC_ROOT_CLASS = YES_ERROR;
				CLANG_WARN_QUOTED_INCLUDE_IN_FRAMEWORK_HEADER = YES;
				CLANG_WARN_RANGE_LOOP_ANALYSIS = YES;
				CLANG_WARN_STRICT_PROTOTYPES = YES;
				CLANG_WARN_SUSPICIOUS_MOVE = YES;
				CLANG_WARN_UNGUARDED_AVAILABILITY = YES_AGGRESSIVE;
				CLANG_WARN_UNREACHABLE_CODE = YES;
				CLANG_WARN__DUPLICATE_METHOD_MATCH = YES;
				COPY_PHASE_STRIP = NO;
				DEBUG_INFORMATION_FORMAT = dwarf;
				DEVELOPMENT_TEAM = V5BN72QP9A;
				ENABLE_STRICT_OBJC_MSGSEND = YES;
				ENABLE_TESTABILITY = YES;
				ENABLE_USER_SCRIPT_SANDBOXING = YES;
				GCC_C_LANGUAGE_STANDARD = gnu17;
				GCC_DYNAMIC_NO_PIC = NO;
				GCC_NO_COMMON_BLOCKS = YES;
				GCC_OPTIMIZATION_LEVEL = 0;
				GCC_PREPROCESSOR_DEFINITIONS = (
					"DEBUG=1",
					"$(inherited)",
				);
				GCC_WARN_64_TO_32_BIT_CONVERSION = YES;
				GCC_WARN_ABOUT_RETURN_TYPE = YES_ERROR;
				GCC_WARN_UNDECLARED_SELECTOR = YES;
				GCC_WARN_UNINITIALIZED_AUTOS = YES_AGGRESSIVE;
				GCC_WARN_UNUSED_FUNCTION = YES;
				GCC_WARN_UNUSED_VARIABLE = YES;
				IPHONEOS_DEPLOYMENT_TARGET = 26.4;
				LOCALIZATION_PREFERS_STRING_CATALOGS = YES;
				MTL_ENABLE_DEBUG_INFO = INCLUDE_SOURCE;
				MTL_FAST_MATH = YES;
				ONLY_ACTIVE_ARCH = YES;
				SDKROOT = iphoneos;
				SWIFT_ACTIVE_COMPILATION_CONDITIONS = "DEBUG $(inherited)";
				SWIFT_OPTIMIZATION_LEVEL = "-Onone";
			};
			name = Debug;
		};
		07891AEE2F93B85400672D1B /* Release */ = {
			isa = XCBuildConfiguration;
			buildSettings = {
				ALWAYS_SEARCH_USER_PATHS = NO;
				ASSETCATALOG_COMPILER_GENERATE_SWIFT_ASSET_SYMBOL_EXTENSIONS = YES;
				CLANG_ANALYZER_NONNULL = YES;
				CLANG_ANALYZER_NUMBER_OBJECT_CONVERSION = YES_AGGRESSIVE;
				CLANG_CXX_LANGUAGE_STANDARD = "gnu++20";
				CLANG_ENABLE_MODULES = YES;
				CLANG_ENABLE_OBJC_ARC = YES;
				CLANG_ENABLE_OBJC_WEAK = YES;
				CLANG_WARN_BLOCK_CAPTURE_AUTORELEASING = YES;
				CLANG_WARN_BOOL_CONVERSION = YES;
				CLANG_WARN_COMMA = YES;
				CLANG_WARN_CONSTANT_CONVERSION = YES;
				CLANG_WARN_DEPRECATED_OBJC_IMPLEMENTATIONS = YES;
				CLANG_WARN_DIRECT_OBJC_ISA_USAGE = YES_ERROR;
				CLANG_WARN_DOCUMENTATION_COMMENTS = YES;
				CLANG_WARN_EMPTY_BODY = YES;
				CLANG_WARN_ENUM_CONVERSION = YES;
				CLANG_WARN_INFINITE_RECURSION = YES;
				CLANG_WARN_INT_CONVERSION = YES;
				CLANG_WARN_NON_LITERAL_NULL_CONVERSION = YES;
				CLANG_WARN_OBJC_IMPLICIT_RETAIN_SELF = YES;
				CLANG_WARN_OBJC_LITERAL_CONVERSION = YES;
				CLANG_WARN_OBJC_ROOT_CLASS = YES_ERROR;
				CLANG_WARN_QUOTED_INCLUDE_IN_FRAMEWORK_HEADER = YES;
				CLANG_WARN_RANGE_LOOP_ANALYSIS = YES;
				CLANG_WARN_STRICT_PROTOTYPES = YES;
				CLANG_WARN_SUSPICIOUS_MOVE = YES;
				CLANG_WARN_UNGUARDED_AVAILABILITY = YES_AGGRESSIVE;
				CLANG_WARN_UNREACHABLE_CODE = YES;
				CLANG_WARN__DUPLICATE_METHOD_MATCH = YES;
				COPY_PHASE_STRIP = NO;
				DEBUG_INFORMATION_FORMAT = "dwarf-with-dsym";
				DEVELOPMENT_TEAM = V5BN72QP9A;
				ENABLE_NS_ASSERTIONS = NO;
				ENABLE_STRICT_OBJC_MSGSEND = YES;
				ENABLE_USER_SCRIPT_SANDBOXING = YES;
				GCC_C_LANGUAGE_STANDARD = gnu17;
				GCC_NO_COMMON_BLOCKS = YES;
				GCC_WARN_64_TO_32_BIT_CONVERSION = YES;
				GCC_WARN_ABOUT_RETURN_TYPE = YES_ERROR;
				GCC_WARN_UNDECLARED_SELECTOR = YES;
				GCC_WARN_UNINITIALIZED_AUTOS = YES_AGGRESSIVE;
				GCC_WARN_UNUSED_FUNCTION = YES;
				GCC_WARN_UNUSED_VARIABLE = YES;
				IPHONEOS_DEPLOYMENT_TARGET = 26.4;
				LOCALIZATION_PREFERS_STRING_CATALOGS = YES;
				MTL_ENABLE_DEBUG_INFO = NO;
				MTL_FAST_MATH = YES;
				SDKROOT = iphoneos;
				SWIFT_COMPILATION_MODE = wholemodule;
				VALIDATE_PRODUCT = YES;
			};
			name = Release;
		};
		07891AF02F93B85400672D1B /* Debug */ = {
			isa = XCBuildConfiguration;
			buildSettings = {
				ASSETCATALOG_COMPILER_APPICON_NAME = AppIcon;
				ASSETCATALOG_COMPILER_GLOBAL_ACCENT_COLOR_NAME = AccentColor;
				CODE_SIGN_STYLE = Automatic;
				CURRENT_PROJECT_VERSION = 1;
				DEVELOPMENT_TEAM = V5BN72QP9A;
				ENABLE_PREVIEWS = YES;
				GENERATE_INFOPLIST_FILE = YES;
				INFOPLIST_FILE = Pedisense/Info.plist;
				INFOPLIST_KEY_NSBluetoothAlwaysUsageDescription = "Pedisense needs Bluetooth to connect to your insole sensors.";
				INFOPLIST_KEY_UIApplicationSceneManifest_Generation = YES;
				INFOPLIST_KEY_UIApplicationSupportsIndirectInputEvents = YES;
				INFOPLIST_KEY_UILaunchScreen_Generation = YES;
				INFOPLIST_KEY_UISupportedInterfaceOrientations_iPad = "UIInterfaceOrientationPortrait UIInterfaceOrientationPortraitUpsideDown UIInterfaceOrientationLandscapeLeft UIInterfaceOrientationLandscapeRight";
				INFOPLIST_KEY_UISupportedInterfaceOrientations_iPhone = "UIInterfaceOrientationPortrait UIInterfaceOrientationLandscapeLeft UIInterfaceOrientationLandscapeRight";
				LD_RUNPATH_SEARCH_PATHS = (
					"$(inherited)",
					"@executable_path/Frameworks",
				);
				MARKETING_VERSION = 1.0;
				PRODUCT_BUNDLE_IDENTIFIER = HackPrinceton.Pedisense;
				PRODUCT_NAME = "$(TARGET_NAME)";
				STRING_CATALOG_GENERATE_SYMBOLS = YES;
				SWIFT_APPROACHABLE_CONCURRENCY = YES;
				SWIFT_DEFAULT_ACTOR_ISOLATION = MainActor;
				SWIFT_EMIT_LOC_STRINGS = YES;
				SWIFT_UPCOMING_FEATURE_MEMBER_IMPORT_VISIBILITY = YES;
				SWIFT_VERSION = 5.0;
				TARGETED_DEVICE_FAMILY = "1,2";
			};
			name = Debug;
		};
		07891AF12F93B85400672D1B /* Release */ = {
			isa = XCBuildConfiguration;
			buildSettings = {
				ASSETCATALOG_COMPILER_APPICON_NAME = AppIcon;
				ASSETCATALOG_COMPILER_GLOBAL_ACCENT_COLOR_NAME = AccentColor;
				CODE_SIGN_STYLE = Automatic;
				CURRENT_PROJECT_VERSION = 1;
				DEVELOPMENT_TEAM = V5BN72QP9A;
				ENABLE_PREVIEWS = YES;
				GENERATE_INFOPLIST_FILE = YES;
				INFOPLIST_FILE = Pedisense/Info.plist;
				INFOPLIST_KEY_NSBluetoothAlwaysUsageDescription = "Pedisense needs Bluetooth to connect to your insole sensors.";
				INFOPLIST_KEY_UIApplicationSceneManifest_Generation = YES;
				INFOPLIST_KEY_UIApplicationSupportsIndirectInputEvents = YES;
				INFOPLIST_KEY_UILaunchScreen_Generation = YES;
				INFOPLIST_KEY_UISupportedInterfaceOrientations_iPad = "UIInterfaceOrientationPortrait UIInterfaceOrientationPortraitUpsideDown UIInterfaceOrientationLandscapeLeft UIInterfaceOrientationLandscapeRight";
				INFOPLIST_KEY_UISupportedInterfaceOrientations_iPhone = "UIInterfaceOrientationPortrait UIInterfaceOrientationLandscapeLeft UIInterfaceOrientationLandscapeRight";
				LD_RUNPATH_SEARCH_PATHS = (
					"$(inherited)",
					"@executable_path/Frameworks",
				);
				MARKETING_VERSION = 1.0;
				PRODUCT_BUNDLE_IDENTIFIER = HackPrinceton.Pedisense;
				PRODUCT_NAME = "$(TARGET_NAME)";
				STRING_CATALOG_GENERATE_SYMBOLS = YES;
				SWIFT_APPROACHABLE_CONCURRENCY = YES;
				SWIFT_DEFAULT_ACTOR_ISOLATION = MainActor;
				SWIFT_EMIT_LOC_STRINGS = YES;
				SWIFT_UPCOMING_FEATURE_MEMBER_IMPORT_VISIBILITY = YES;
				SWIFT_VERSION = 5.0;
				TARGETED_DEVICE_FAMILY = "1,2";
			};
			name = Release;
		};
/* End XCBuildConfiguration section */

/* Begin XCConfigurationList section */
		07891ADF2F93B85200672D1B /* Build configuration list for PBXProject "Pedisense" */ = {
			isa = XCConfigurationList;
			buildConfigurations = (
				07891AED2F93B85400672D1B /* Debug */,
				07891AEE2F93B85400672D1B /* Release */,
			);
			defaultConfigurationIsVisible = 0;
			defaultConfigurationName = Release;
		};
		07891AEF2F93B85400672D1B /* Build configuration list for PBXNativeTarget "Pedisense" */ = {
			isa = XCConfigurationList;
			buildConfigurations = (
				07891AF02F93B85400672D1B /* Debug */,
				07891AF12F93B85400672D1B /* Release */,
			);
			defaultConfigurationIsVisible = 0;
			defaultConfigurationName = Release;
		};
/* End XCConfigurationList section */

/* Begin XCRemoteSwiftPackageReference section */
		07891B152F93F28500672D1B /* XCRemoteSwiftPackageReference "supabase-swift" */ = {
			isa = XCRemoteSwiftPackageReference;
			repositoryURL = "https://github.com/supabase-community/supabase-swift";
			requirement = {
				kind = upToNextMajorVersion;
				minimumVersion = 2.5.1;
			};
		};
/* End XCRemoteSwiftPackageReference section */

/* Begin XCSwiftPackageProductDependency section */
		07891B1B2F93F6E500672D1B /* Auth */ = {
			isa = XCSwiftPackageProductDependency;
			package = 07891B152F93F28500672D1B /* XCRemoteSwiftPackageReference "supabase-swift" */;
			productName = Auth;
		};
		07891B1D2F93F6E500672D1B /* Functions */ = {
			isa = XCSwiftPackageProductDependency;
			package = 07891B152F93F28500672D1B /* XCRemoteSwiftPackageReference "supabase-swift" */;
			productName = Functions;
		};
		07891B1F2F93F6E500672D1B /* PostgREST */ = {
			isa = XCSwiftPackageProductDependency;
			package = 07891B152F93F28500672D1B /* XCRemoteSwiftPackageReference "supabase-swift" */;
			productName = PostgREST;
		};
		07891B212F93F6E500672D1B /* Realtime */ = {
			isa = XCSwiftPackageProductDependency;
			package = 07891B152F93F28500672D1B /* XCRemoteSwiftPackageReference "supabase-swift" */;
			productName = Realtime;
		};
		07891B232F93F6E500672D1B /* Storage */ = {
			isa = XCSwiftPackageProductDependency;
			package = 07891B152F93F28500672D1B /* XCRemoteSwiftPackageReference "supabase-swift" */;
			productName = Storage;
		};
		07891B252F93F6E500672D1B /* Supabase */ = {
			isa = XCSwiftPackageProductDependency;
			package = 07891B152F93F28500672D1B /* XCRemoteSwiftPackageReference "supabase-swift" */;
			productName = Supabase;
		};
/* End XCSwiftPackageProductDependency section */
	};
	rootObject = 07891ADC2F93B85200672D1B /* Project object */;
}
